
Microsoft Visual Studio Solution File, Format Version 12.00
# Visual Studio Version 17
VisualStudioVersion = 17.11.35327.3
MinimumVisualStudioVersion = 10.0.40219.1
Project("{FAE04EC0-301F-11D3-BF4B-00C04F79EFBC}") = "FrontEnd", "FrontEnd.csproj", "{3E589D37-313F-49B5-9B44-EAF8C918A912}"
EndProject
Global
	GlobalSection(SolutionConfigurationPlatforms) = preSolution
		Debug|Any CPU = Debug|Any CPU
		Release|Any CPU = Release|Any CPU
	EndGlobalSection
	GlobalSection(ProjectConfigurationPlatforms) = postSolution
		{3E589D37-313F-49B5-9B44-EAF8C918A912}.Debug|Any CPU.ActiveCfg = Debug|Any CPU
		{3E589D37-313F-49B5-9B44-EAF8C918A912}.Debug|Any CPU.Build.0 = Debug|Any CPU
		{3E589D37-313F-49B5-9B44-EAF8C918A912}.Release|Any CPU.ActiveCfg = Release|Any CPU
		{3E589D37-313F-49B5-9B44-EAF8C918A912}.Release|Any CPU.Build.0 = Release|Any CPU
	EndGlobalSection
	GlobalSection(SolutionProperties) = preSolution
		HideSolutionNode = FALSE
	EndGlobalSection
	GlobalSection(ExtensibilityGlobals) = postSolution
		SolutionGuid = {21A314DC-C0CA-4DD9-BF9B-6D8F4D322E56}
	EndGlobalSection
EndGlobal
